
Microsoft Visual Studio Solution File, Format Version 12.00
# Visual Studio Version 17
VisualStudioVersion = 17.0.31903.59
MinimumVisualStudioVersion = 10.0.40219.1
Project("{2150E333-8FDC-42A3-9474-1A3956D46DE8}") = "src", "src", "{0361F7C5-AA83-4F04-BC2E-17EB997E8746}"
EndProject
Project("{FAE04EC0-301F-11D3-BF4B-00C04F79EFBC}") = "BriskEngine", "src\BriskEngine\BriskEngine.csproj", "{699B642D-583C-4D37-BD5C-7D63E15BFFB5}"
EndProject
Project("{FAE04EC0-301F-11D3-BF4B-00C04F79EFBC}") = "BriskEngine.Tests", "src\BriskEngine.Tests\BriskEngine.Tests.csproj", "{FCBBC3B5-FDA9-43CE-A030-F1FBFDBB187E}"
EndProject
Project("{FAE04EC0-301F-11D3-BF4B-00C04F79EFBC}") = "Brisk.Cli", "src\Brisk.Cli\Brisk.Cli.csproj", "{F751181C-082D-41FA-ADC7-263284C70B26}"
EndProject
Project("{FAE04EC0-301F-11D3-BF4B-00C04F79EFBC}") = "Brisk", "src\Brisk\Brisk.csproj", "{334BB98B-48A3-43AE-9C7C-A45E329135FE}"
EndProject
Project("{FAE04EC0-301F-11D3-BF4B-00C04F79EFBC}") = "Brisk.Tests", "src\Brisk.Tests\Brisk.Tests.csproj", "{8EED1744-D959-4086-A9FB-2A82CA45B43B}"
EndProject
Global
	GlobalSection(SolutionConfigurationPlatforms) = preSolution
		Debug|Any CPU = Debug|Any CPU
		Release|Any CPU = Release|Any CPU
	EndGlobalSection
	GlobalSection(SolutionProperties) = preSolution
		HideSolutionNode = FALSE
	EndGlobalSection
	GlobalSection(ProjectConfigurationPlatforms) = postSolution
		{699B642D-583C-4D37-BD5C-7D63E15BFFB5}.Debug|Any CPU.ActiveCfg = Debug|Any CPU
		{699B642D-583C-4D37-BD5C-7D63E15BFFB5}.Debug|Any CPU.Build.0 = Debug|Any CPU
		{699B642D-583C-4D37-BD5C-7D63E15BFFB5}.Release|Any CPU.ActiveCfg = Release|Any CPU
		{699B642D-583C-4D37-BD5C-7D63E15BFFB5}.Release|Any CPU.Build.0 = Release|Any CPU
		{FCBBC3B5-FDA9-43CE-A030-F1FBFDBB187E}.Debug|Any CPU.ActiveCfg = Debug|Any CPU
		{FCBBC3B5-FDA9-43CE-A030-F1FBFDBB187E}.Debug|Any CPU.Build.0 = Debug|Any CPU
		{FCBBC3B5-FDA9-43CE-A030-F1FBFDBB187E}.Release|Any CPU.ActiveCfg = Release|Any CPU
		{FCBBC3B5-FDA9-43CE-A030-F1FBFDBB187E}.Release|Any CPU.Build.0 = Release|Any CPU
		{F751181C-082D-41FA-ADC7-263284C70B26}.Debug|Any CPU.ActiveCfg = Debug|Any CPU
		{F751181C-082D-41FA-ADC7-263284C70B26}.Debug|Any CPU.Build.0 = Debug|Any CPU
		{F751181C-082D-41FA-ADC7-263284C70B26}.Release|Any CPU.ActiveCfg = Release|Any CPU
		{F751181C-082D-41FA-ADC7-263284C70B26}.Release|Any CPU.Build.0 = Release|Any CPU
		{334BB98B-48A3-43AE-9C7C-A45E329135FE}.Debug|Any CPU.ActiveCfg = Debug|Any CPU
		{334BB98B-48A3-43AE-9C7C-A45E329135FE}.Debug|Any CPU.Build.0 = Debug|Any CPU
		{334BB98B-48A3-43AE-9C7C-A45E329135FE}.Release|Any CPU.ActiveCfg = Release|Any CPU
		{334BB98B-48A3-43AE-9C7C-A45E329135FE}.Release|Any CPU.Build.0 = Release|Any CPU
		{8EED1744-D959-4086-A9FB-2A82CA45B43B}.Debug|Any CPU.ActiveCfg = Debug|Any CPU
		{8EED1744-D959-4086-A9FB-2A82CA45B43B}.Debug|Any CPU.Build.0 = Debug|Any CPU
		{8EED1744-D959-4086-A9FB-2A82CA45B43B}.Release|Any CPU.ActiveCfg = Release|Any CPU
		{8EED1744-D959-4086-A9FB-2A82CA45B43B}.Release|Any CPU.Build.0 = Release|Any CPU
	EndGlobalSection
	GlobalSection(NestedProjects) = preSolution
		{699B642D-583C-4D37-BD5C-7D63E15BFFB5} = {0361F7C5-AA83-4F04-BC2E-17EB997E8746}
		{FCBBC3B5-FDA9-43CE-A030-F1FBFDBB187E} = {0361F7C5-AA83-4F04-BC2E-17EB997E8746}
		{F751181C-082D-41FA-ADC7-263284C70B26} = {0361F7C5-AA83-4F04-BC2E-17EB997E8746}
		{334BB98B-48A3-43AE-9C7C-A45E329135FE} = {0361F7C5-AA83-4F04-BC2E-17EB997E8746}
		{8EED1744-D959-4086-A9FB-2A82CA45B43B} = {0361F7C5-AA83-4F04-BC2E-17EB997E8746}
	EndGlobalSection
EndGlobal
